
Microsoft Visual Studio Solution File, Format Version 12.00
# Visual Studio Version 17
VisualStudioVersion = 17.9.34616.47
MinimumVisualStudioVersion = 10.0.40219.1
Project("{F14B399A-7131-4C87-9E4B-1186C45EF12D}") = "Tutorial", "Tutorial.rptproj", "{29335FA3-A402-4A82-A706-A68694487C48}"
EndProject
Global
	GlobalSection(SolutionConfigurationPlatforms) = preSolution
		Debug|Default = Debug|Default
		DebugLocal|Default = DebugLocal|Default
		Release|Default = Release|Default
	EndGlobalSection
	GlobalSection(ProjectConfigurationPlatforms) = postSolution
		{29335FA3-A402-4A82-A706-A68694487C48}.Debug|Default.ActiveCfg = Debug
		{29335FA3-A402-4A82-A706-A68694487C48}.Debug|Default.Build.0 = Debug
		{29335FA3-A402-4A82-A706-A68694487C48}.Debug|Default.Deploy.0 = Debug
		{29335FA3-A402-4A82-A706-A68694487C48}.DebugLocal|Default.ActiveCfg = DebugLocal
		{29335FA3-A402-4A82-A706-A68694487C48}.DebugLocal|Default.Build.0 = DebugLocal
		{29335FA3-A402-4A82-A706-A68694487C48}.Release|Default.ActiveCfg = Release
		{29335FA3-A402-4A82-A706-A68694487C48}.Release|Default.Build.0 = Release
		{29335FA3-A402-4A82-A706-A68694487C48}.Release|Default.Deploy.0 = Release
	EndGlobalSection
	GlobalSection(SolutionProperties) = preSolution
		HideSolutionNode = FALSE
	EndGlobalSection
	GlobalSection(ExtensibilityGlobals) = postSolution
		SolutionGuid = {97C71746-F2A1-46BF-8665-1D8E67C9798A}
	EndGlobalSection
EndGlobal
